<?xml version="1.0" encoding="UTF-8" standalone="yes" ?>
<CodeBlocks_project_file>
	<FileVersion major="1" minor="6" />
	<Project>
		<Option title="Nonstd Lite" />
		<Option compiler="gcc" />
		<Option show_notes="0">
			<notes>
				<![CDATA[Change license from MIT to BSL]]>
			</notes>
		</Option>
		<Build>
			<Target title="default">
				<Option output="any-lite" prefix_auto="1" extension_auto="1" />
				<Option type="0" />
				<Option compiler="gcc" />
			</Target>
		</Build>
		<Unit filename="../../.gitattributes" />
		<Unit filename="../../.gitignore" />
		<Unit filename="../../.gitmodules" />
		<Unit filename="../../CMakeLists.txt" />
		<Unit filename="../../LICENSE.txt" />
		<Unit filename="../../README.md" />
		<Extensions>
			<code_completion />
			<envvars />
			<debugger />
			<lib_finder disable_auto="1" />
		</Extensions>
	</Project>
</CodeBlocks_project_file>
